
Microsoft Visual Studio Solution File, Format Version 12.00
Project("{FAE04EC0-301F-11D3-BF4B-00C04F79EFBC}") = "Domain", "Domain\Domain.csproj", "{0F582736-A903-4796-8287-6E2AFF2E8CD7}"
EndProject
Project("{FAE04EC0-301F-11D3-BF4B-00C04F79EFBC}") = "Infrastructure", "Infrastructure\Infrastructure.csproj", "{C0D8070E-24E2-4A2A-9D89-A8D1FF390435}"
EndProject
Project("{FAE04EC0-301F-11D3-BF4B-00C04F79EFBC}") = "Application", "Application\Application.csproj", "{752A491F-ED6F-41AF-B608-2C2E2B167187}"
EndProject
Project("{FAE04EC0-301F-11D3-BF4B-00C04F79EFBC}") = "UI", "UI\UI.csproj", "{6E673CC7-8E53-4370-81E7-E4F4A6BBE731}"
EndProject
Global
	GlobalSection(SolutionConfigurationPlatforms) = preSolution
		Debug|Any CPU = Debug|Any CPU
		Release|Any CPU = Release|Any CPU
	EndGlobalSection
	GlobalSection(ProjectConfigurationPlatforms) = postSolution
		{0F582736-A903-4796-8287-6E2AFF2E8CD7}.Debug|Any CPU.ActiveCfg = Debug|Any CPU
		{0F582736-A903-4796-8287-6E2AFF2E8CD7}.Debug|Any CPU.Build.0 = Debug|Any CPU
		{0F582736-A903-4796-8287-6E2AFF2E8CD7}.Release|Any CPU.ActiveCfg = Release|Any CPU
		{0F582736-A903-4796-8287-6E2AFF2E8CD7}.Release|Any CPU.Build.0 = Release|Any CPU
		{C0D8070E-24E2-4A2A-9D89-A8D1FF390435}.Debug|Any CPU.ActiveCfg = Debug|Any CPU
		{C0D8070E-24E2-4A2A-9D89-A8D1FF390435}.Debug|Any CPU.Build.0 = Debug|Any CPU
		{C0D8070E-24E2-4A2A-9D89-A8D1FF390435}.Release|Any CPU.ActiveCfg = Release|Any CPU
		{C0D8070E-24E2-4A2A-9D89-A8D1FF390435}.Release|Any CPU.Build.0 = Release|Any CPU
		{752A491F-ED6F-41AF-B608-2C2E2B167187}.Debug|Any CPU.ActiveCfg = Debug|Any CPU
		{752A491F-ED6F-41AF-B608-2C2E2B167187}.Debug|Any CPU.Build.0 = Debug|Any CPU
		{752A491F-ED6F-41AF-B608-2C2E2B167187}.Release|Any CPU.ActiveCfg = Release|Any CPU
		{752A491F-ED6F-41AF-B608-2C2E2B167187}.Release|Any CPU.Build.0 = Release|Any CPU
		{6E673CC7-8E53-4370-81E7-E4F4A6BBE731}.Debug|Any CPU.ActiveCfg = Debug|Any CPU
		{6E673CC7-8E53-4370-81E7-E4F4A6BBE731}.Debug|Any CPU.Build.0 = Debug|Any CPU
		{6E673CC7-8E53-4370-81E7-E4F4A6BBE731}.Release|Any CPU.ActiveCfg = Release|Any CPU
		{6E673CC7-8E53-4370-81E7-E4F4A6BBE731}.Release|Any CPU.Build.0 = Release|Any CPU
	EndGlobalSection
EndGlobal
